
Microsoft Visual Studio Solution File, Format Version 12.00
# Visual Studio Version 17
VisualStudioVersion = 17.3.32922.545
MinimumVisualStudioVersion = 10.0.40219.1
Project("{9A19103F-16F7-4668-BE54-9A1E7A4F7556}") = "Doppelganger", "Doppelganger\Doppelganger.csproj", "{0C340C7A-9AA4-4054-8BBE-095DC20A5E49}"
EndProject
Project("{FAE04EC0-301F-11D3-BF4B-00C04F79EFBC}") = "Doppelganger.Tests", "Doppelganger.Tests\Doppelganger.Tests.csproj", "{7B1D6D68-81F0-44DF-B079-F26979C55201}"
EndProject
Global
	GlobalSection(SolutionConfigurationPlatforms) = preSolution
		Debug|Any CPU = Debug|Any CPU
		Release|Any CPU = Release|Any CPU
	EndGlobalSection
	GlobalSection(ProjectConfigurationPlatforms) = postSolution
		{0C340C7A-9AA4-4054-8BBE-095DC20A5E49}.Debug|Any CPU.ActiveCfg = Debug|Any CPU
		{0C340C7A-9AA4-4054-8BBE-095DC20A5E49}.Debug|Any CPU.Build.0 = Debug|Any CPU
		{0C340C7A-9AA4-4054-8BBE-095DC20A5E49}.Release|Any CPU.ActiveCfg = Release|Any CPU
		{0C340C7A-9AA4-4054-8BBE-095DC20A5E49}.Release|Any CPU.Build.0 = Release|Any CPU
		{7B1D6D68-81F0-44DF-B079-F26979C55201}.Debug|Any CPU.ActiveCfg = Debug|Any CPU
		{7B1D6D68-81F0-44DF-B079-F26979C55201}.Debug|Any CPU.Build.0 = Debug|Any CPU
		{7B1D6D68-81F0-44DF-B079-F26979C55201}.Release|Any CPU.ActiveCfg = Release|Any CPU
		{7B1D6D68-81F0-44DF-B079-F26979C55201}.Release|Any CPU.Build.0 = Release|Any CPU
	EndGlobalSection
	GlobalSection(SolutionProperties) = preSolution
		HideSolutionNode = FALSE
	EndGlobalSection
	GlobalSection(ExtensibilityGlobals) = postSolution
		SolutionGuid = {5464DD47-B65A-40A7-B2CE-2B959BBAC581}
	EndGlobalSection
EndGlobal
